github.com/whitneylampkin/learning-go-lang/arrays v0.0.0-20220301213756-5e1a58151fb6 h1:fHGNuYKj4DSo2xf21ISyoqOJfe7lEQF4tZQka6brQeo=
github.com/whitneylampkin/learning-go-lang/arrays v0.0.0-20220301213756-5e1a58151fb6/go.mod h1:B0jMe0sXehtMNe6ZG2tgwL7/3nc20563ETJtawEjG+Q=
github.com/whitneylampkin/learning-go-lang/calculator v0.0.0-20220301213756-5e1a58151fb6 h1:bSFCIRhkLb0TwMrPmVTuUuIs6PkZSHIclVO88fgj7rQ=
github.com/whitneylampkin/learning-go-lang/calculator v0.0.0-20220301213756-5e1a58151fb6/go.mod h1:NsaZI+I2j2P6Ew1JEve+wECQkMZUWyr7XwIENkVZvt8=
github.com/whitneylampkin/learning-go-lang/challenges v0.0.0-20220301213756-5e1a58151fb6 h1:OxhHlNR/nmmmBMrZyD5rPksBtoMgnnKa5C/yYYNuEfc=
github.com/whitneylampkin/learning-go-lang/challenges v0.0.0-20220301213756-5e1a58151fb6/go.mod h1:vdmHB/lTsdyZfR4G5VafwviCjxWsQ60QADKhxG9Cp68=
github.com/whitneylampkin/learning-go-lang/controlflows v0.0.0-20220301213756-5e1a58151fb6 h1:whA2WAeZEQUDhvFw7tsYCsr+CjyjYEAkxluURwaUG+s=
github.com/whitneylampkin/learning-go-lang/controlflows v0.0.0-20220301213756-5e1a58151fb6/go.mod h1:b4/TL9lqFN7yyAyNjrzblAcsitXC4qcynfeKizKizik=
github.com/whitneylampkin/learning-go-lang/datatypes v0.0.0-20220301212630-a24d5f69e0aa h1:Z5/cc5dozkAxbTQpIgWwW8St4kj7y/UV/iu4WWfbJ7o=
github.com/whitneylampkin/learning-go-lang/datatypes v0.0.0-20220301212630-a24d5f69e0aa/go.mod h1:EhY0nBIsRf7IRNhCrUq7icBL+JoWf9497kh3WI0NB0U=
github.com/whitneylampkin/learning-go-lang/errorhandling v0.0.0-20220301213756-5e1a58151fb6 h1:npCOFOq7hduKyF726G7uN9kOWdycNVEFpw2dO4jjjW8=
github.com/whitneylampkin/learning-go-lang/errorhandling v0.0.0-20220301213756-5e1a58151fb6/go.mod h1:msXun5ZyaB56zRyxDE33CE9aTVnQVgYMlcA/xe62THc=
github.com/whitneylampkin/learning-go-lang/fizzbuzz v0.0.0-20220301213756-5e1a58151fb6 h1:RSe4aqn0X/X6zHkfvlPyNoYi/NkuCYg/+ppuWF+hVeY=
github.com/whitneylampkin/learning-go-lang/fizzbuzz v0.0.0-20220301213756-5e1a58151fb6/go.mod h1:zIImRHAFmPFSRsH7kzTNMjSZzLUrJn/aKB0NLGmJnHE=
github.com/whitneylampkin/learning-go-lang/forloops v0.0.0-20220301213756-5e1a58151fb6 h1:l5GMG/D/8taw2z9ZHRVp/XcHiHbEQMrcJdR4Er50z9o=
github.com/whitneylampkin/learning-go-lang/forloops v0.0.0-20220301213756-5e1a58151fb6/go.mod h1:NiWXgpR07VK5oelUX8F6TEjsCOguZRMbPHL1EwTJYk4=
github.com/whitneylampkin/learning-go-lang/functions v0.0.0-20220301213756-5e1a58151fb6 h1:6NYVNGm5rTZfoazFPDU3K//9YNKvDBGQpNKSrtHrflE=
github.com/whitneylampkin/learning-go-lang/functions v0.0.0-20220301213756-5e1a58151fb6/go.mod h1:rA9lJtG/eqWoiJx5aiU93ewCf7Iz/3Vk/8B/j6LBx0I=
github.com/whitneylampkin/learning-go-lang/geometry v0.0.0-20220301214614-c3c57745c049 h1:nSaDmg1ZS/uEI/Qs2vumZjZLnnbjWIODbzn80PeuK+g=
github.com/whitneylampkin/learning-go-lang/geometry v0.0.0-20220301214614-c3c57745c049/go.mod h1:WI+cYaAuP6QguY89yB0iFt2vpYDF/QssFgQX+4IWhQA=
github.com/whitneylampkin/learning-go-lang/interfaces v0.0.0-20220301223118-e3137fee8e32 h1:CFwgIA3fKEPj88rVc0h0Ig37Ct5mBW3/Hq9LN41WNss=
github.com/whitneylampkin/learning-go-lang/interfaces v0.0.0-20220301223118-e3137fee8e32/go.mod h1:vihT9GQ35mXzNCES/kHSrIDr3GL+KvNk5zxqQ40obbA=
github.com/whitneylampkin/learning-go-lang/logging v0.0.0-20220301212630-a24d5f69e0aa h1:MqiK2rWxBm3nwvKqQ2qzFWUBMzbhtcON7zY/FUHCzbA=
github.com/whitneylampkin/learning-go-lang/logging v0.0.0-20220301212630-a24d5f69e0aa/go.mod h1:evUgpebyeRbAMDDYxJNA8ZGwLgV+7Vb+2RCKBwRq2+g=
github.com/whitneylampkin/learning-go-lang/maps v0.0.0-20220301213756-5e1a58151fb6 h1:A7LK27rAtWUwLugLPua57xIydUlbtCrcLDsj5kU102g=
github.com/whitneylampkin/learning-go-lang/maps v0.0.0-20220301213756-5e1a58151fb6/go.mod h1:1z4fepzIks5VZbo0dCZO/WPDBKnLff5OC3HZe8EC9PM=
github.com/whitneylampkin/learning-go-lang/methods v0.0.0-20220301212630-a24d5f69e0aa h1:UsExxr3H7Vtw9Nxqxtv+LHAcvNQdwA2SjbLwqepvhHo=
github.com/whitneylampkin/learning-go-lang/methods v0.0.0-20220301212630-a24d5f69e0aa/go.mod h1:YQrN/eZU5pvWCECjOFe05S/IMhd6+VxXHwl3tYaQNJo=
github.com/whitneylampkin/learning-go-lang/slices v0.0.0-20220301213756-5e1a58151fb6 h1:jASxYnSRMIppxKi98E+ZQhCgwZmYU+2fxwbofZcehto=
github.com/whitneylampkin/learning-go-lang/slices v0.0.0-20220301213756-5e1a58151fb6/go.mod h1:E9MenA9MlyVyvwrWs8I/gBeI2J1sapruy1rjD/6mIHM=
github.com/whitneylampkin/learning-go-lang/structs v0.0.0-20220301213756-5e1a58151fb6 h1:aGT1jaK/jTv5oM47IowjGS3kXsuDZuTRmtDPSkZvqAI=
github.com/whitneylampkin/learning-go-lang/structs v0.0.0-20220301213756-5e1a58151fb6/go.mod h1:5pVy3xKXeYll3adGbhaJ1pps7Ws0dJKNX/tcd65mrsc=
github.com/whitneylampkin/learning-go-lang/variables v0.0.0-20220301213756-5e1a58151fb6 h1:O+OYax8SXqgmChjURu5F+YMmySJNYXZqWbJSzqw2Mm4=
github.com/whitneylampkin/learning-go-lang/variables v0.0.0-20220301213756-5e1a58151fb6/go.mod h1:bn1VgEFvDAgd/s3xqItml14gg5xql0tka/Wb+eXHKW4=
