github.com/whitneylampkin/learning-go-lang v0.0.0-20220128151117-82d30591d831 h1:x7emfTysv4cHqRzZf+L6kaXH+DMKOEEy3Qr8HJGH0Ss=
github.com/whitneylampkin/learning-go-lang v0.0.0-20220128151117-82d30591d831/go.mod h1:moAkx6XHQk7hO46R3CIM76pVEDs8odZ9OzrYEIvRCjs=
github.com/whitneylampkin/learning-go-lang/arrays v0.0.0-20220128005605-d457dfdb56e5 h1:ZxKLEEftBnLEYXuSX7oy7z6qYoyDnS1+PLcdv5dj12I=
github.com/whitneylampkin/learning-go-lang/arrays v0.0.0-20220128005605-d457dfdb56e5/go.mod h1:B0jMe0sXehtMNe6ZG2tgwL7/3nc20563ETJtawEjG+Q=
github.com/whitneylampkin/learning-go-lang/calculator v0.0.0-20220128005605-d457dfdb56e5 h1:JlGCn4b2ENB+Dg2Twt6kQ0+cUZzOQsFi+SjJmjkJSmQ=
github.com/whitneylampkin/learning-go-lang/calculator v0.0.0-20220128005605-d457dfdb56e5/go.mod h1:NsaZI+I2j2P6Ew1JEve+wECQkMZUWyr7XwIENkVZvt8=
github.com/whitneylampkin/learning-go-lang/challenges v0.0.0-20220128005605-d457dfdb56e5 h1:XXr0TkXjDbXYrIOCFc6Y77E1jnmvgw1Fn1jJDjGapB8=
github.com/whitneylampkin/learning-go-lang/challenges v0.0.0-20220128005605-d457dfdb56e5/go.mod h1:vdmHB/lTsdyZfR4G5VafwviCjxWsQ60QADKhxG9Cp68=
github.com/whitneylampkin/learning-go-lang/controlflows v0.0.0-20220128005605-d457dfdb56e5 h1:hQMzcpQfhh/9j25gQawZ9Z4rTWS+tPbw8uCF/gOKfq8=
github.com/whitneylampkin/learning-go-lang/controlflows v0.0.0-20220128005605-d457dfdb56e5/go.mod h1:b4/TL9lqFN7yyAyNjrzblAcsitXC4qcynfeKizKizik=
github.com/whitneylampkin/learning-go-lang/datatypes v0.0.0-20220128005605-d457dfdb56e5 h1:Y9iZktjLmHHSana7xOjlknxQLZovcK67Y27KMk1U6uU=
github.com/whitneylampkin/learning-go-lang/datatypes v0.0.0-20220128005605-d457dfdb56e5/go.mod h1:EhY0nBIsRf7IRNhCrUq7icBL+JoWf9497kh3WI0NB0U=
github.com/whitneylampkin/learning-go-lang/errorhandling v0.0.0-20220128005605-d457dfdb56e5 h1:LW0eMRFQ0sqag5fgmHHg7DhKAXJAk4SiyvsIgBv72a4=
github.com/whitneylampkin/learning-go-lang/errorhandling v0.0.0-20220128005605-d457dfdb56e5/go.mod h1:msXun5ZyaB56zRyxDE33CE9aTVnQVgYMlcA/xe62THc=
github.com/whitneylampkin/learning-go-lang/fizzbuzz v0.0.0-20220128005605-d457dfdb56e5 h1:TQ2p2IJ6NtHPD4ccEEzKFkQA4dh0Gxmp8WJ9JhBZn94=
github.com/whitneylampkin/learning-go-lang/fizzbuzz v0.0.0-20220128005605-d457dfdb56e5/go.mod h1:zIImRHAFmPFSRsH7kzTNMjSZzLUrJn/aKB0NLGmJnHE=
github.com/whitneylampkin/learning-go-lang/forloops v0.0.0-20220128005605-d457dfdb56e5 h1:idzuxQWCrkVZfekRzYtIDz9EJuO/p8FTxFWHLs+3Bhc=
github.com/whitneylampkin/learning-go-lang/forloops v0.0.0-20220128005605-d457dfdb56e5/go.mod h1:NiWXgpR07VK5oelUX8F6TEjsCOguZRMbPHL1EwTJYk4=
github.com/whitneylampkin/learning-go-lang/functions v0.0.0-20220128005605-d457dfdb56e5 h1:eqB1/geP7/HXqWLe66baaNRH3XjU9g+4LgA/FZqWbE4=
github.com/whitneylampkin/learning-go-lang/functions v0.0.0-20220128005605-d457dfdb56e5/go.mod h1:rA9lJtG/eqWoiJx5aiU93ewCf7Iz/3Vk/8B/j6LBx0I=
github.com/whitneylampkin/learning-go-lang/logging v0.0.0-20220128152318-df24afd1cd62 h1:PN3XggXD52U4xoycZg0ghQqsVxsjhDPrizXmix1XoL4=
github.com/whitneylampkin/learning-go-lang/logging v0.0.0-20220128152318-df24afd1cd62/go.mod h1:evUgpebyeRbAMDDYxJNA8ZGwLgV+7Vb+2RCKBwRq2+g=
github.com/whitneylampkin/learning-go-lang/logging v0.0.0-20220128162018-49fdd656ec9b h1:4is1iWTbLtw7PC/EU6cJP1hMVYlvLXByXbIwCJYBycQ=
github.com/whitneylampkin/learning-go-lang/logging v0.0.0-20220128162018-49fdd656ec9b/go.mod h1:evUgpebyeRbAMDDYxJNA8ZGwLgV+7Vb+2RCKBwRq2+g=
github.com/whitneylampkin/learning-go-lang/maps v0.0.0-20220128005605-d457dfdb56e5 h1:4R6z38bwOVzD2cxNXKPS8W5oyukw0hmlXrewjhLX7vY=
github.com/whitneylampkin/learning-go-lang/maps v0.0.0-20220128005605-d457dfdb56e5/go.mod h1:1z4fepzIks5VZbo0dCZO/WPDBKnLff5OC3HZe8EC9PM=
github.com/whitneylampkin/learning-go-lang/slices v0.0.0-20220128005605-d457dfdb56e5 h1:z3Hf5M8n5eleVMFJ1lkyAIqQx62FZH0yb/hWD7422wc=
github.com/whitneylampkin/learning-go-lang/slices v0.0.0-20220128005605-d457dfdb56e5/go.mod h1:E9MenA9MlyVyvwrWs8I/gBeI2J1sapruy1rjD/6mIHM=
github.com/whitneylampkin/learning-go-lang/structs v0.0.0-20220128005605-d457dfdb56e5 h1:AQjHF13Ez8wDIwnPe+X30VkYowk0yQsVg2vq58hBCNQ=
github.com/whitneylampkin/learning-go-lang/structs v0.0.0-20220128005605-d457dfdb56e5/go.mod h1:5pVy3xKXeYll3adGbhaJ1pps7Ws0dJKNX/tcd65mrsc=
github.com/whitneylampkin/learning-go-lang/variables v0.0.0-20220128005605-d457dfdb56e5 h1:V5QbhxnoxoryKtH4F8qLfRX0yvtEe6ONVXcl0vgV8II=
github.com/whitneylampkin/learning-go-lang/variables v0.0.0-20220128005605-d457dfdb56e5/go.mod h1:bn1VgEFvDAgd/s3xqItml14gg5xql0tka/Wb+eXHKW4=
